dependencies:
- name: utils
  repository: https://charts.eu-de-2.cloud.sap
  version: 0.3.4
- name: mariadb
  repository: https://charts.eu-de-2.cloud.sap
  version: 0.3.34
- name: mysql_metrics
  repository: https://charts.eu-de-2.cloud.sap
  version: 0.2.3
- name: memcached
  repository: https://charts.eu-de-2.cloud.sap
  version: 0.0.7
- name: rabbitmq
  repository: https://charts.eu-de-2.cloud.sap
  version: 0.2.17
- name: rabbitmq
  repository: https://charts.eu-de-2.cloud.sap
  version: 0.2.17
- name: region_check
  repository: https://charts.eu-de-2.cloud.sap
  version: 0.1.2
- name: redis
  repository: https://charts.eu-de-2.cloud.sap
  version: 1.1.1
digest: sha256:38562a1a359c36d80dfa04fe798732bb92800ca684c2cd810e3138c1c99b69c4
generated: "2022-03-09T11:26:52.832394-05:00"
